
Microsoft Visual Studio Solution File, Format Version 12.00
# Visual Studio Version 17
VisualStudioVersion = 17.2.32519.379
MinimumVisualStudioVersion = 10.0.40219.1
Project("{8BC9CEB8-8B4A-11D0-8D11-00A0C91BC942}") = "Manager", "Manager.vcxproj", "{D241010F-7D51-4C32-B9FD-630C87FBD7DD}"
EndProject
Global
	GlobalSection(SolutionConfigurationPlatforms) = preSolution
		Debug|x64 = Debug|x64
		Debug|x86 = Debug|x86
		Release|x64 = Release|x64
		Release|x86 = Release|x86
	EndGlobalSection
	GlobalSection(ProjectConfigurationPlatforms) = postSolution
		{D241010F-7D51-4C32-B9FD-630C87FBD7DD}.Debug|x64.ActiveCfg = Debug|x64
		{D241010F-7D51-4C32-B9FD-630C87FBD7DD}.Debug|x64.Build.0 = Debug|x64
		{D241010F-7D51-4C32-B9FD-630C87FBD7DD}.Debug|x86.ActiveCfg = Debug|Win32
		{D241010F-7D51-4C32-B9FD-630C87FBD7DD}.Debug|x86.Build.0 = Debug|Win32
		{D241010F-7D51-4C32-B9FD-630C87FBD7DD}.Release|x64.ActiveCfg = Release|x64
		{D241010F-7D51-4C32-B9FD-630C87FBD7DD}.Release|x64.Build.0 = Release|x64
		{D241010F-7D51-4C32-B9FD-630C87FBD7DD}.Release|x86.ActiveCfg = Release|Win32
		{D241010F-7D51-4C32-B9FD-630C87FBD7DD}.Release|x86.Build.0 = Release|Win32
	EndGlobalSection
	GlobalSection(SolutionProperties) = preSolution
		HideSolutionNode = FALSE
	EndGlobalSection
	GlobalSection(ExtensibilityGlobals) = postSolution
		SolutionGuid = {770E2F2E-BCC4-4C68-823D-3F4C606F2FAF}
	EndGlobalSection
EndGlobal
